// !$*UTF8*$!
{
	archiveVersion = 1;
	classes = {
	};
	objectVersion = 46;
	objects = {

/* Begin PBXBuildFile section */
		D5B143161BB68E1E00374679 /* AppDelegate.swift in Sources */ = {isa = PBXBuildFile; fileRef = D5B143151BB68E1E00374679 /* AppDelegate.swift */; };
		D5B143181BB68E1E00374679 /* MasterViewController.swift in Sources */ = {isa = PBXBuildFile; fileRef = D5B143171BB68E1E00374679 /* MasterViewController.swift */; };
		D5B1431A1BB68E1E00374679 /* DetailViewController.swift in Sources */ = {isa = PBXBuildFile; fileRef = D5B143191BB68E1E00374679 /* DetailViewController.swift */; };
		D5B1431D1BB68E2000374679 /* Main.storyboard in Resources */ = {isa = PBXBuildFile; fileRef = D5B1431B1BB68E2000374679 /* Main.storyboard */; };
		D5B1431F1BB68E2100374679 /* Images.xcassets in Resources */ = {isa = PBXBuildFile; fileRef = D5B1431E1BB68E2100374679 /* Images.xcassets */; };
		D5B143221BB68E2100374679 /* LaunchScreen.xib in Resources */ = {isa = PBXBuildFile; fileRef = D5B143201BB68E2100374679 /* LaunchScreen.xib */; };
		D5B1432E1BB68E2100374679 /* InJobSearchTests.swift in Sources */ = {isa = PBXBuildFile; fileRef = D5B1432D1BB68E2100374679 /* InJobSearchTests.swift */; };
		D5CD83B91BB691E30021C0E1 /* Job.swift in Sources */ = {isa = PBXBuildFile; fileRef = D5CD83B81BB691E30021C0E1 /* Job.swift */; };
		D5CD83BC1BB692D10021C0E1 /* SearchCategory.swift in Sources */ = {isa = PBXBuildFile; fileRef = D5CD83BB1BB692D10021C0E1 /* SearchCategory.swift */; };
		D5CD83BE1BB6935F0021C0E1 /* SourseOfSearch.swift in Sources */ = {isa = PBXBuildFile; fileRef = D5CD83BD1BB6935F0021C0E1 /* SourseOfSearch.swift */; };
		D5CD83C01BB693D10021C0E1 /* Log.swift in Sources */ = {isa = PBXBuildFile; fileRef = D5CD83BF1BB693D10021C0E1 /* Log.swift */; };
		D5CD83C31BB6A4A30021C0E1 /* Downloader.swift in Sources */ = {isa = PBXBuildFile; fileRef = D5CD83C21BB6A4A30021C0E1 /* Downloader.swift */; };
		D5CD83C51BB6AAD60021C0E1 /* SearchEntity.swift in Sources */ = {isa = PBXBuildFile; fileRef = D5CD83C41BB6AAD60021C0E1 /* SearchEntity.swift */; };
		D5CD83C71BB6AB170021C0E1 /* Parser.swift in Sources */ = {isa = PBXBuildFile; fileRef = D5CD83C61BB6AB170021C0E1 /* Parser.swift */; };
		D5CD83C91BB6B4C40021C0E1 /* JobUpWork.swift in Sources */ = {isa = PBXBuildFile; fileRef = D5CD83C81BB6B4C40021C0E1 /* JobUpWork.swift */; };
/* End PBXBuildFile section */

/* Begin PBXContainerItemProxy section */
		D5B143281BB68E2100374679 /* PBXContainerItemProxy */ = {
			isa = PBXContainerItemProxy;
			containerPortal = D5B143081BB68E1E00374679 /* Project object */;
			proxyType = 1;
			remoteGlobalIDString = D5B1430F1BB68E1E00374679;
			remoteInfo = InJobSearch;
		};
/* End PBXContainerItemProxy section */

/* Begin PBXFileReference section */
		D5B143101BB68E1E00374679 /* InJobSearch.app */ = {isa = PBXFileReference; explicitFileType = wrapper.application; includeInIndex = 0; path = InJobSearch.app; sourceTree = BUILT_PRODUCTS_DIR; };
		D5B143141BB68E1E00374679 /* Info.plist */ = {isa = PBXFileReference; lastKnownFileType = text.plist.xml; path = Info.plist; sourceTree = "<group>"; };
		D5B143151BB68E1E00374679 /* AppDelegate.swift */ = {isa = PBXFileReference; lastKnownFileType = sourcecode.swift; path = AppDelegate.swift; sourceTree = "<group>"; };
		D5B143171BB68E1E00374679 /* MasterViewController.swift */ = {isa = PBXFileReference; lastKnownFileType = sourcecode.swift; path = MasterViewController.swift; sourceTree = "<group>"; };
		D5B143191BB68E1E00374679 /* DetailViewController.swift */ = {isa = PBXFileReference; lastKnownFileType = sourcecode.swift; path = DetailViewController.swift; sourceTree = "<group>"; };
		D5B1431C1BB68E2000374679 /* Base */ = {isa = PBXFileReference; lastKnownFileType = file.storyboard; name = Base; path = Base.lproj/Main.storyboard; sourceTree = "<group>"; };
		D5B1431E1BB68E2100374679 /* Images.xcassets */ = {isa = PBXFileReference; lastKnownFileType = folder.assetcatalog; path = Images.xcassets; sourceTree = "<group>"; };
		D5B143211BB68E2100374679 /* Base */ = {isa = PBXFileReference; lastKnownFileType = file.xib; name = Base; path = Base.lproj/LaunchScreen.xib; sourceTree = "<group>"; };
		D5B143271BB68E2100374679 /* InJobSearchTests.xctest */ = {isa = PBXFileReference; explicitFileType = wrapper.cfbundle; includeInIndex = 0; path = InJobSearchTests.xctest; sourceTree = BUILT_PRODUCTS_DIR; };
		D5B1432C1BB68E2100374679 /* Info.plist */ = {isa = PBXFileReference; lastKnownFileType = text.plist.xml; path = Info.plist; sourceTree = "<group>"; };
		D5B1432D1BB68E2100374679 /* InJobSearchTests.swift */ = {isa = PBXFileReference; lastKnownFileType = sourcecode.swift; path = InJobSearchTests.swift; sourceTree = "<group>"; };
		D5CD83B81BB691E30021C0E1 /* Job.swift */ = {isa = PBXFileReference; fileEncoding = 4; lastKnownFileType = sourcecode.swift; path = Job.swift; sourceTree = "<group>"; };
		D5CD83BB1BB692D10021C0E1 /* SearchCategory.swift */ = {isa = PBXFileReference; fileEncoding = 4; lastKnownFileType = sourcecode.swift; path = SearchCategory.swift; sourceTree = "<group>"; };
		D5CD83BD1BB6935F0021C0E1 /* SourseOfSearch.swift */ = {isa = PBXFileReference; fileEncoding = 4; lastKnownFileType = sourcecode.swift; path = SourseOfSearch.swift; sourceTree = "<group>"; };
		D5CD83BF1BB693D10021C0E1 /* Log.swift */ = {isa = PBXFileReference; fileEncoding = 4; lastKnownFileType = sourcecode.swift; path = Log.swift; sourceTree = "<group>"; };
		D5CD83C21BB6A4A30021C0E1 /* Downloader.swift */ = {isa = PBXFileReference; fileEncoding = 4; lastKnownFileType = sourcecode.swift; path = Downloader.swift; sourceTree = "<group>"; };
		D5CD83C41BB6AAD60021C0E1 /* SearchEntity.swift */ = {isa = PBXFileReference; fileEncoding = 4; lastKnownFileType = sourcecode.swift; path = SearchEntity.swift; sourceTree = "<group>"; };
		D5CD83C61BB6AB170021C0E1 /* Parser.swift */ = {isa = PBXFileReference; fileEncoding = 4; lastKnownFileType = sourcecode.swift; path = Parser.swift; sourceTree = "<group>"; };
		D5CD83C81BB6B4C40021C0E1 /* JobUpWork.swift */ = {isa = PBXFileReference; fileEncoding = 4; lastKnownFileType = sourcecode.swift; path = JobUpWork.swift; sourceTree = "<group>"; };
/* End PBXFileReference section */

/* Begin PBXFrameworksBuildPhase section */
		D5B1430D1BB68E1E00374679 /* Frameworks */ = {
			isa = PBXFrameworksBuildPhase;
			buildActionMask = 2147483647;
			files = (
			);
			runOnlyForDeploymentPostprocessing = 0;
		};
		D5B143241BB68E2100374679 /* Frameworks */ = {
			isa = PBXFrameworksBuildPhase;
			buildActionMask = 2147483647;
			files = (
			);
			runOnlyForDeploymentPostprocessing = 0;
		};
/* End PBXFrameworksBuildPhase section */

/* Begin PBXGroup section */
		D5B143071BB68E1E00374679 = {
			isa = PBXGroup;
			children = (
				D5B143121BB68E1E00374679 /* InJobSearch */,
				D5B1432A1BB68E2100374679 /* InJobSearchTests */,
				D5B143111BB68E1E00374679 /* Products */,
			);
			sourceTree = "<group>";
		};
		D5B143111BB68E1E00374679 /* Products */ = {
			isa = PBXGroup;
			children = (
				D5B143101BB68E1E00374679 /* InJobSearch.app */,
				D5B143271BB68E2100374679 /* InJobSearchTests.xctest */,
			);
			name = Products;
			sourceTree = "<group>";
		};
		D5B143121BB68E1E00374679 /* InJobSearch */ = {
			isa = PBXGroup;
			children = (
				D5B143151BB68E1E00374679 /* AppDelegate.swift */,
				D5B143171BB68E1E00374679 /* MasterViewController.swift */,
				D5B143191BB68E1E00374679 /* DetailViewController.swift */,
				D5CD83C11BB693DB0021C0E1 /* Helpers */,
				D5B1431B1BB68E2000374679 /* Main.storyboard */,
				D5CD83BA1BB692B40021C0E1 /* Model */,
				D5B1431E1BB68E2100374679 /* Images.xcassets */,
				D5B143201BB68E2100374679 /* LaunchScreen.xib */,
				D5B143131BB68E1E00374679 /* Supporting Files */,
			);
			path = InJobSearch;
			sourceTree = "<group>";
		};
		D5B143131BB68E1E00374679 /* Supporting Files */ = {
			isa = PBXGroup;
			children = (
				D5B143141BB68E1E00374679 /* Info.plist */,
			);
			name = "Supporting Files";
			sourceTree = "<group>";
		};
		D5B1432A1BB68E2100374679 /* InJobSearchTests */ = {
			isa = PBXGroup;
			children = (
				D5B1432D1BB68E2100374679 /* InJobSearchTests.swift */,
				D5B1432B1BB68E2100374679 /* Supporting Files */,
			);
			path = InJobSearchTests;
			sourceTree = "<group>";
		};
		D5B1432B1BB68E2100374679 /* Supporting Files */ = {
			isa = PBXGroup;
			children = (
				D5B1432C1BB68E2100374679 /* Info.plist */,
			);
			name = "Supporting Files";
			sourceTree = "<group>";
		};
		D5CD83BA1BB692B40021C0E1 /* Model */ = {
			isa = PBXGroup;
			children = (
				D5CD83B81BB691E30021C0E1 /* Job.swift */,
				D5CD83C81BB6B4C40021C0E1 /* JobUpWork.swift */,
				D5CD83BB1BB692D10021C0E1 /* SearchCategory.swift */,
				D5CD83BD1BB6935F0021C0E1 /* SourseOfSearch.swift */,
				D5CD83C41BB6AAD60021C0E1 /* SearchEntity.swift */,
			);
			name = Model;
			sourceTree = "<group>";
		};
		D5CD83C11BB693DB0021C0E1 /* Helpers */ = {
			isa = PBXGroup;
			children = (
				D5CD83C61BB6AB170021C0E1 /* Parser.swift */,
				D5CD83BF1BB693D10021C0E1 /* Log.swift */,
				D5CD83C21BB6A4A30021C0E1 /* Downloader.swift */,
			);
			name = Helpers;
			sourceTree = "<group>";
		};
/* End PBXGroup section */

/* Begin PBXNativeTarget section */
		D5B1430F1BB68E1E00374679 /* InJobSearch */ = {
			isa = PBXNativeTarget;
			buildConfigurationList = D5B143311BB68E2100374679 /* Build configuration list for PBXNativeTarget "InJobSearch" */;
			buildPhases = (
				D5B1430C1BB68E1E00374679 /* Sources */,
				D5B1430D1BB68E1E00374679 /* Frameworks */,
				D5B1430E1BB68E1E00374679 /* Resources */,
			);
			buildRules = (
			);
			dependencies = (
			);
			name = InJobSearch;
			productName = InJobSearch;
			productReference = D5B143101BB68E1E00374679 /* InJobSearch.app */;
			productType = "com.apple.product-type.application";
		};
		D5B143261BB68E2100374679 /* InJobSearchTests */ = {
			isa = PBXNativeTarget;
			buildConfigurationList = D5B143341BB68E2100374679 /* Build configuration list for PBXNativeTarget "InJobSearchTests" */;
			buildPhases = (
				D5B143231BB68E2100374679 /* Sources */,
				D5B143241BB68E2100374679 /* Frameworks */,
				D5B143251BB68E2100374679 /* Resources */,
			);
			buildRules = (
			);
			dependencies = (
				D5B143291BB68E2100374679 /* PBXTargetDependency */,
			);
			name = InJobSearchTests;
			productName = InJobSearchTests;
			productReference = D5B143271BB68E2100374679 /* InJobSearchTests.xctest */;
			productType = "com.apple.product-type.bundle.unit-test";
		};
/* End PBXNativeTarget section */

/* Begin PBXProject section */
		D5B143081BB68E1E00374679 /* Project object */ = {
			isa = PBXProject;
			attributes = {
				LastUpgradeCheck = 0640;
				ORGANIZATIONNAME = "Dmitriy Roytman";
				TargetAttributes = {
					D5B1430F1BB68E1E00374679 = {
						CreatedOnToolsVersion = 6.4;
					};
					D5B143261BB68E2100374679 = {
						CreatedOnToolsVersion = 6.4;
						TestTargetID = D5B1430F1BB68E1E00374679;
					};
				};
			};
			buildConfigurationList = D5B1430B1BB68E1E00374679 /* Build configuration list for PBXProject "InJobSearch" */;
			compatibilityVersion = "Xcode 3.2";
			developmentRegion = English;
			hasScannedForEncodings = 0;
			knownRegions = (
				en,
				Base,
			);
			mainGroup = D5B143071BB68E1E00374679;
			productRefGroup = D5B143111BB68E1E00374679 /* Products */;
			projectDirPath = "";
			projectRoot = "";
			targets = (
				D5B1430F1BB68E1E00374679 /* InJobSearch */,
				D5B143261BB68E2100374679 /* InJobSearchTests */,
			);
		};
/* End PBXProject section */

/* Begin PBXResourcesBuildPhase section */
		D5B1430E1BB68E1E00374679 /* Resources */ = {
			isa = PBXResourcesBuildPhase;
			buildActionMask = 2147483647;
			files = (
				D5B1431D1BB68E2000374679 /* Main.storyboard in Resources */,
				D5B143221BB68E2100374679 /* LaunchScreen.xib in Resources */,
				D5B1431F1BB68E2100374679 /* Images.xcassets in Resources */,
			);
			runOnlyForDeploymentPostprocessing = 0;
		};
		D5B143251BB68E2100374679 /* Resources */ = {
			isa = PBXResourcesBuildPhase;
			buildActionMask = 2147483647;
			files = (
			);
			runOnlyForDeploymentPostprocessing = 0;
		};
/* End PBXResourcesBuildPhase section */

/* Begin PBXSourcesBuildPhase section */
		D5B1430C1BB68E1E00374679 /* Sources */ = {
			isa = PBXSourcesBuildPhase;
			buildActionMask = 2147483647;
			files = (
				D5B1431A1BB68E1E00374679 /* DetailViewController.swift in Sources */,
				D5CD83C91BB6B4C40021C0E1 /* JobUpWork.swift in Sources */,
				D5CD83C01BB693D10021C0E1 /* Log.swift in Sources */,
				D5CD83C71BB6AB170021C0E1 /* Parser.swift in Sources */,
				D5CD83C31BB6A4A30021C0E1 /* Downloader.swift in Sources */,
				D5CD83BE1BB6935F0021C0E1 /* SourseOfSearch.swift in Sources */,
				D5CD83C51BB6AAD60021C0E1 /* SearchEntity.swift in Sources */,
				D5B143181BB68E1E00374679 /* MasterViewController.swift in Sources */,
				D5B143161BB68E1E00374679 /* AppDelegate.swift in Sources */,
				D5CD83BC1BB692D10021C0E1 /* SearchCategory.swift in Sources */,
				D5CD83B91BB691E30021C0E1 /* Job.swift in Sources */,
			);
			runOnlyForDeploymentPostprocessing = 0;
		};
		D5B143231BB68E2100374679 /* Sources */ = {
			isa = PBXSourcesBuildPhase;
			buildActionMask = 2147483647;
			files = (
				D5B1432E1BB68E2100374679 /* InJobSearchTests.swift in Sources */,
			);
			runOnlyForDeploymentPostprocessing = 0;
		};
/* End PBXSourcesBuildPhase section */

/* Begin PBXTargetDependency section */
		D5B143291BB68E2100374679 /* PBXTargetDependency */ = {
			isa = PBXTargetDependency;
			target = D5B1430F1BB68E1E00374679 /* InJobSearch */;
			targetProxy = D5B143281BB68E2100374679 /* PBXContainerItemProxy */;
		};
/* End PBXTargetDependency section */

/* Begin PBXVariantGroup section */
		D5B1431B1BB68E2000374679 /* Main.storyboard */ = {
			isa = PBXVariantGroup;
			children = (
				D5B1431C1BB68E2000374679 /* Base */,
			);
			name = Main.storyboard;
			sourceTree = "<group>";
		};
		D5B143201BB68E2100374679 /* LaunchScreen.xib */ = {
			isa = PBXVariantGroup;
			children = (
				D5B143211BB68E2100374679 /* Base */,
			);
			name = LaunchScreen.xib;
			sourceTree = "<group>";
		};
/* End PBXVariantGroup section */

/* Begin XCBuildConfiguration section */
		D5B1432F1BB68E2100374679 /* Debug */ = {
			isa = XCBuildConfiguration;
			buildSettings = {
				ALWAYS_SEARCH_USER_PATHS = NO;
				CLANG_CXX_LANGUAGE_STANDARD = "gnu++0x";
				CLANG_CXX_LIBRARY = "libc++";
				CLANG_ENABLE_MODULES = YES;
				CLANG_ENABLE_OBJC_ARC = YES;
				CLANG_WARN_BOOL_CONVERSION = YES;
				CLANG_WARN_CONSTANT_CONVERSION = YES;
				CLANG_WARN_DIRECT_OBJC_ISA_USAGE = YES_ERROR;
				CLANG_WARN_EMPTY_BODY = YES;
				CLANG_WARN_ENUM_CONVERSION = YES;
				CLANG_WARN_INT_CONVERSION = YES;
				CLANG_WARN_OBJC_ROOT_CLASS = YES_ERROR;
				CLANG_WARN_UNREACHABLE_CODE = YES;
				CLANG_WARN__DUPLICATE_METHOD_MATCH = YES;
				"CODE_SIGN_IDENTITY[sdk=iphoneos*]" = "iPhone Developer";
				COPY_PHASE_STRIP = NO;
				DEBUG_INFORMATION_FORMAT = "dwarf-with-dsym";
				ENABLE_STRICT_OBJC_MSGSEND = YES;
				GCC_C_LANGUAGE_STANDARD = gnu99;
				GCC_DYNAMIC_NO_PIC = NO;
				GCC_NO_COMMON_BLOCKS = YES;
				GCC_OPTIMIZATION_LEVEL = 0;
				GCC_PREPROCESSOR_DEFINITIONS = (
					"DEBUG=1",
					"$(inherited)",
				);
				GCC_SYMBOLS_PRIVATE_EXTERN = NO;
				GCC_WARN_64_TO_32_BIT_CONVERSION = YES;
				GCC_WARN_ABOUT_RETURN_TYPE = YES_ERROR;
				GCC_WARN_UNDECLARED_SELECTOR = YES;
				GCC_WARN_UNINITIALIZED_AUTOS = YES_AGGRESSIVE;
				GCC_WARN_UNUSED_FUNCTION = YES;
				GCC_WARN_UNUSED_VARIABLE = YES;
				IPHONEOS_DEPLOYMENT_TARGET = 8.4;
				MTL_ENABLE_DEBUG_INFO = YES;
				ONLY_ACTIVE_ARCH = YES;
				SDKROOT = iphoneos;
				SWIFT_OPTIMIZATION_LEVEL = "-Onone";
				TARGETED_DEVICE_FAMILY = "1,2";
			};
			name = Debug;
		};
		D5B143301BB68E2100374679 /* Release */ = {
			isa = XCBuildConfiguration;
			buildSettings = {
				ALWAYS_SEARCH_USER_PATHS = NO;
				CLANG_CXX_LANGUAGE_STANDARD = "gnu++0x";
				CLANG_CXX_LIBRARY = "libc++";
				CLANG_ENABLE_MODULES = YES;
				CLANG_ENABLE_OBJC_ARC = YES;
				CLANG_WARN_BOOL_CONVERSION = YES;
				CLANG_WARN_CONSTANT_CONVERSION = YES;
				CLANG_WARN_DIRECT_OBJC_ISA_USAGE = YES_ERROR;
				CLANG_WARN_EMPTY_BODY = YES;
				CLANG_WARN_ENUM_CONVERSION = YES;
				CLANG_WARN_INT_CONVERSION = YES;
				CLANG_WARN_OBJC_ROOT_CLASS = YES_ERROR;
				CLANG_WARN_UNREACHABLE_CODE = YES;
				CLANG_WARN__DUPLICATE_METHOD_MATCH = YES;
				"CODE_SIGN_IDENTITY[sdk=iphoneos*]" = "iPhone Developer";
				COPY_PHASE_STRIP = NO;
				DEBUG_INFORMATION_FORMAT = "dwarf-with-dsym";
				ENABLE_NS_ASSERTIONS = NO;
				ENABLE_STRICT_OBJC_MSGSEND = YES;
				GCC_C_LANGUAGE_STANDARD = gnu99;
				GCC_NO_COMMON_BLOCKS = YES;
				GCC_WARN_64_TO_32_BIT_CONVERSION = YES;
				GCC_WARN_ABOUT_RETURN_TYPE = YES_ERROR;
				GCC_WARN_UNDECLARED_SELECTOR = YES;
				GCC_WARN_UNINITIALIZED_AUTOS = YES_AGGRESSIVE;
				GCC_WARN_UNUSED_FUNCTION = YES;
				GCC_WARN_UNUSED_VARIABLE = YES;
				IPHONEOS_DEPLOYMENT_TARGET = 8.4;
				MTL_ENABLE_DEBUG_INFO = NO;
				SDKROOT = iphoneos;
				TARGETED_DEVICE_FAMILY = "1,2";
				VALIDATE_PRODUCT = YES;
			};
			name = Release;
		};
		D5B143321BB68E2100374679 /* Debug */ = {
			isa = XCBuildConfiguration;
			buildSettings = {
				ASSETCATALOG_COMPILER_APPICON_NAME = AppIcon;
				INFOPLIST_FILE = InJobSearch/Info.plist;
				LD_RUNPATH_SEARCH_PATHS = "$(inherited) @executable_path/Frameworks";
				PRODUCT_NAME = "$(TARGET_NAME)";
			};
			name = Debug;
		};
		D5B143331BB68E2100374679 /* Release */ = {
			isa = XCBuildConfiguration;
			buildSettings = {
				ASSETCATALOG_COMPILER_APPICON_NAME = AppIcon;
				INFOPLIST_FILE = InJobSearch/Info.plist;
				LD_RUNPATH_SEARCH_PATHS = "$(inherited) @executable_path/Frameworks";
				PRODUCT_NAME = "$(TARGET_NAME)";
			};
			name = Release;
		};
		D5B143351BB68E2100374679 /* Debug */ = {
			isa = XCBuildConfiguration;
			buildSettings = {
				BUNDLE_LOADER = "$(TEST_HOST)";
				FRAMEWORK_SEARCH_PATHS = (
					"$(SDKROOT)/Developer/Library/Frameworks",
					"$(inherited)",
				);
				GCC_PREPROCESSOR_DEFINITIONS = (
					"DEBUG=1",
					"$(inherited)",
				);
				INFOPLIST_FILE = InJobSearchTests/Info.plist;
				LD_RUNPATH_SEARCH_PATHS = "$(inherited) @executable_path/Frameworks @loader_path/Frameworks";
				PRODUCT_NAME = "$(TARGET_NAME)";
				TEST_HOST = "$(BUILT_PRODUCTS_DIR)/InJobSearch.app/InJobSearch";
			};
			name = Debug;
		};
		D5B143361BB68E2100374679 /* Release */ = {
			isa = XCBuildConfiguration;
			buildSettings = {
				BUNDLE_LOADER = "$(TEST_HOST)";
				FRAMEWORK_SEARCH_PATHS = (
					"$(SDKROOT)/Developer/Library/Frameworks",
					"$(inherited)",
				);
				INFOPLIST_FILE = InJobSearchTests/Info.plist;
				LD_RUNPATH_SEARCH_PATHS = "$(inherited) @executable_path/Frameworks @loader_path/Frameworks";
				PRODUCT_NAME = "$(TARGET_NAME)";
				TEST_HOST = "$(BUILT_PRODUCTS_DIR)/InJobSearch.app/InJobSearch";
			};
			name = Release;
		};
/* End XCBuildConfiguration section */

/* Begin XCConfigurationList section */
		D5B1430B1BB68E1E00374679 /* Build configuration list for PBXProject "InJobSearch" */ = {
			isa = XCConfigurationList;
			buildConfigurations = (
				D5B1432F1BB68E2100374679 /* Debug */,
				D5B143301BB68E2100374679 /* Release */,
			);
			defaultConfigurationIsVisible = 0;
			defaultConfigurationName = Release;
		};
		D5B143311BB68E2100374679 /* Build configuration list for PBXNativeTarget "InJobSearch" */ = {
			isa = XCConfigurationList;
			buildConfigurations = (
				D5B143321BB68E2100374679 /* Debug */,
				D5B143331BB68E2100374679 /* Release */,
			);
			defaultConfigurationIsVisible = 0;
			defaultConfigurationName = Release;
		};
		D5B143341BB68E2100374679 /* Build configuration list for PBXNativeTarget "InJobSearchTests" */ = {
			isa = XCConfigurationList;
			buildConfigurations = (
				D5B143351BB68E2100374679 /* Debug */,
				D5B143361BB68E2100374679 /* Release */,
			);
			defaultConfigurationIsVisible = 0;
			defaultConfigurationName = Release;
		};
/* End XCConfigurationList section */
	};
	rootObject = D5B143081BB68E1E00374679 /* Project object */;
}
